// !$*UTF8*$!
{
	archiveVersion = 1;
	classes = {
	};
	objectVersion = 77;
	objects = {

/* Begin PBXBuildFile section */
		853CF5CF2CEDE80800936AD3 /* Core.framework in Frameworks */ = {isa = PBXBuildFile; fileRef = 853CF5CE2CEDE80800936AD3 /* Core.framework */; };
		853CF5D02CEDE80B00936AD3 /* Core.framework in Embed Frameworks */ = {isa = PBXBuildFile; fileRef = 853CF5CE2CEDE80800936AD3 /* Core.framework */; settings = {ATTRIBUTES = (CodeSignOnCopy, RemoveHeadersOnCopy, ); }; };
		FE8207DE2CED780200307694 /* P2PSocket.framework in Frameworks */ = {isa = PBXBuildFile; fileRef = FE8207DB2CED780200307694 /* P2PSocket.framework */; };
		FE8207DF2CED780200307694 /* P2PSocket.framework in Embed Frameworks */ = {isa = PBXBuildFile; fileRef = FE8207DB2CED780200307694 /* P2PSocket.framework */; settings = {ATTRIBUTES = (CodeSignOnCopy, RemoveHeadersOnCopy, ); }; };
		FE8207E02CED780200307694 /* Entity.framework in Frameworks */ = {isa = PBXBuildFile; fileRef = FE8207DC2CED780200307694 /* Entity.framework */; };
		FE8207E12CED780200307694 /* Entity.framework in Embed Frameworks */ = {isa = PBXBuildFile; fileRef = FE8207DC2CED780200307694 /* Entity.framework */; settings = {ATTRIBUTES = (CodeSignOnCopy, RemoveHeadersOnCopy, ); }; };
		FE8207E22CED780200307694 /* Interfaces.framework in Frameworks */ = {isa = PBXBuildFile; fileRef = FE8207DD2CED780200307694 /* Interfaces.framework */; };
		FE8207E32CED780200307694 /* Interfaces.framework in Embed Frameworks */ = {isa = PBXBuildFile; fileRef = FE8207DD2CED780200307694 /* Interfaces.framework */; settings = {ATTRIBUTES = (CodeSignOnCopy, RemoveHeadersOnCopy, ); }; };
		FEE455212CF9A3F6001B66CD /* Media.xcassets in Resources */ = {isa = PBXBuildFile; fileRef = FEE455202CF9A3F6001B66CD /* Media.xcassets */; };
		FEF778B92CDB00F000FFE089 /* libData.a in Frameworks */ = {isa = PBXBuildFile; fileRef = FEF778B72CDB00F000FFE089 /* libData.a */; };
		FEF778BA2CDB00F000FFE089 /* libFeature.a in Frameworks */ = {isa = PBXBuildFile; fileRef = FEF778B82CDB00F000FFE089 /* libFeature.a */; };
		FEF779742CDCB35800FFE089 /* libUseCase.a in Frameworks */ = {isa = PBXBuildFile; fileRef = FEF779732CDCB35800FFE089 /* libUseCase.a */; };
/* End PBXBuildFile section */

/* Begin PBXCopyFilesBuildPhase section */
		FE0334F32CD9DF1800AA58C9 /* Dependencies */ = {
			isa = PBXCopyFilesBuildPhase;
			buildActionMask = 12;
			dstPath = "";
			dstSubfolderSpec = 16;
			files = (
			);
			name = Dependencies;
			runOnlyForDeploymentPostprocessing = 0;
		};
		FEF778BE2CDB0B3C00FFE089 /* Embed Frameworks */ = {
			isa = PBXCopyFilesBuildPhase;
			buildActionMask = 2147483647;
			dstPath = "";
			dstSubfolderSpec = 10;
			files = (
				853CF5D02CEDE80B00936AD3 /* Core.framework in Embed Frameworks */,
				FE8207DF2CED780200307694 /* P2PSocket.framework in Embed Frameworks */,
				FE8207E32CED780200307694 /* Interfaces.framework in Embed Frameworks */,
				FE8207E12CED780200307694 /* Entity.framework in Embed Frameworks */,
			);
			name = "Embed Frameworks";
			runOnlyForDeploymentPostprocessing = 0;
		};
/* End PBXCopyFilesBuildPhase section */

/* Begin PBXFileReference section */
		853CF5CE2CEDE80800936AD3 /* Core.framework */ = {isa = PBXFileReference; explicitFileType = wrapper.framework; path = Core.framework; sourceTree = BUILT_PRODUCTS_DIR; };
		FE6EF2EA2CD8B005005DC39D /* App.app */ = {isa = PBXFileReference; explicitFileType = wrapper.application; includeInIndex = 0; path = App.app; sourceTree = BUILT_PRODUCTS_DIR; };
		FE8207DB2CED780200307694 /* P2PSocket.framework */ = {isa = PBXFileReference; explicitFileType = wrapper.framework; path = P2PSocket.framework; sourceTree = BUILT_PRODUCTS_DIR; };
		FE8207DC2CED780200307694 /* Entity.framework */ = {isa = PBXFileReference; explicitFileType = wrapper.framework; path = Entity.framework; sourceTree = BUILT_PRODUCTS_DIR; };
		FE8207DD2CED780200307694 /* Interfaces.framework */ = {isa = PBXFileReference; explicitFileType = wrapper.framework; path = Interfaces.framework; sourceTree = BUILT_PRODUCTS_DIR; };
		FEE455202CF9A3F6001B66CD /* Media.xcassets */ = {isa = PBXFileReference; lastKnownFileType = folder.assetcatalog; path = Media.xcassets; sourceTree = "<group>"; };
		FEF778B72CDB00F000FFE089 /* libData.a */ = {isa = PBXFileReference; explicitFileType = archive.ar; path = libData.a; sourceTree = BUILT_PRODUCTS_DIR; };
		FEF778B82CDB00F000FFE089 /* libFeature.a */ = {isa = PBXFileReference; explicitFileType = archive.ar; path = libFeature.a; sourceTree = BUILT_PRODUCTS_DIR; };
		FEF779732CDCB35800FFE089 /* libUseCase.a */ = {isa = PBXFileReference; explicitFileType = archive.ar; path = libUseCase.a; sourceTree = BUILT_PRODUCTS_DIR; };
/* End PBXFileReference section */

/* Begin PBXFileSystemSynchronizedBuildFileExceptionSet section */
		FE6EF2FC2CD8B007005DC39D /* Exceptions for "App" folder in "App" target */ = {
			isa = PBXFileSystemSynchronizedBuildFileExceptionSet;
			membershipExceptions = (
				Info.plist,
			);
			target = FE6EF2E92CD8B005005DC39D /* App */;
		};
/* End PBXFileSystemSynchronizedBuildFileExceptionSet section */

/* Begin PBXFileSystemSynchronizedRootGroup section */
		FE6EF2EC2CD8B005005DC39D /* App */ = {
			isa = PBXFileSystemSynchronizedRootGroup;
			exceptions = (
				FE6EF2FC2CD8B007005DC39D /* Exceptions for "App" folder in "App" target */,
			);
			path = App;
			sourceTree = "<group>";
		};
/* End PBXFileSystemSynchronizedRootGroup section */

/* Begin PBXFrameworksBuildPhase section */
		FE6EF2E72CD8B005005DC39D /* Frameworks */ = {
			isa = PBXFrameworksBuildPhase;
			buildActionMask = 2147483647;
			files = (
				853CF5CF2CEDE80800936AD3 /* Core.framework in Frameworks */,
				FEF778B92CDB00F000FFE089 /* libData.a in Frameworks */,
				FEF778BA2CDB00F000FFE089 /* libFeature.a in Frameworks */,
				FE8207E02CED780200307694 /* Entity.framework in Frameworks */,
				FE8207DE2CED780200307694 /* P2PSocket.framework in Frameworks */,
				FE8207E22CED780200307694 /* Interfaces.framework in Frameworks */,
				FEF779742CDCB35800FFE089 /* libUseCase.a in Frameworks */,
			);
			runOnlyForDeploymentPostprocessing = 0;
		};
/* End PBXFrameworksBuildPhase section */

/* Begin PBXGroup section */
		FE6EF2E12CD8B005005DC39D = {
			isa = PBXGroup;
			children = (
				FEE4551F2CF9A3ED001B66CD /* Resources */,
				FE6EF2EC2CD8B005005DC39D /* App */,
				FE6EF3E12CD8B6A2005DC39D /* Frameworks */,
				FE6EF2EB2CD8B005005DC39D /* Products */,
			);
			sourceTree = "<group>";
		};
		FE6EF2EB2CD8B005005DC39D /* Products */ = {
			isa = PBXGroup;
			children = (
				FE6EF2EA2CD8B005005DC39D /* App.app */,
			);
			name = Products;
			sourceTree = "<group>";
		};
		FE6EF3E12CD8B6A2005DC39D /* Frameworks */ = {
			isa = PBXGroup;
			children = (
				853CF5CE2CEDE80800936AD3 /* Core.framework */,
				FE8207DB2CED780200307694 /* P2PSocket.framework */,
				FE8207DC2CED780200307694 /* Entity.framework */,
				FE8207DD2CED780200307694 /* Interfaces.framework */,
				FEF779732CDCB35800FFE089 /* libUseCase.a */,
				FEF778B72CDB00F000FFE089 /* libData.a */,
				FEF778B82CDB00F000FFE089 /* libFeature.a */,
			);
			name = Frameworks;
			sourceTree = "<group>";
		};
		FEE4551F2CF9A3ED001B66CD /* Resources */ = {
			isa = PBXGroup;
			children = (
				FEE455202CF9A3F6001B66CD /* Media.xcassets */,
			);
			path = Resources;
			sourceTree = "<group>";
		};
/* End PBXGroup section */

/* Begin PBXNativeTarget section */
		FE6EF2E92CD8B005005DC39D /* App */ = {
			isa = PBXNativeTarget;
			buildConfigurationList = FE6EF2FD2CD8B007005DC39D /* Build configuration list for PBXNativeTarget "App" */;
			buildPhases = (
				FEF35FBF2CD9BC8F006FF6F2 /* Run Script */,
				FE6EF2E62CD8B005005DC39D /* Sources */,
				FE0334F32CD9DF1800AA58C9 /* Dependencies */,
				FE6EF2E72CD8B005005DC39D /* Frameworks */,
				FE6EF2E82CD8B005005DC39D /* Resources */,
				FEF778BE2CDB0B3C00FFE089 /* Embed Frameworks */,
			);
			buildRules = (
			);
			dependencies = (
			);
			fileSystemSynchronizedGroups = (
				FE6EF2EC2CD8B005005DC39D /* App */,
			);
			name = App;
			packageProductDependencies = (
			);
			productName = App;
			productReference = FE6EF2EA2CD8B005005DC39D /* App.app */;
			productType = "com.apple.product-type.application";
		};
/* End PBXNativeTarget section */

/* Begin PBXProject section */
		FE6EF2E22CD8B005005DC39D /* Project object */ = {
			isa = PBXProject;
			attributes = {
				BuildIndependentTargetsInParallel = 1;
				LastSwiftUpdateCheck = 1600;
				LastUpgradeCheck = 1600;
				TargetAttributes = {
					FE6EF2E92CD8B005005DC39D = {
						CreatedOnToolsVersion = 16.0;
					};
				};
			};
			buildConfigurationList = FE6EF2E52CD8B005005DC39D /* Build configuration list for PBXProject "App" */;
			developmentRegion = en;
			hasScannedForEncodings = 0;
			knownRegions = (
				en,
				Base,
			);
			mainGroup = FE6EF2E12CD8B005005DC39D;
			minimizedProjectReferenceProxies = 1;
			preferredProjectObjectVersion = 77;
			productRefGroup = FE6EF2EB2CD8B005005DC39D /* Products */;
			projectDirPath = "";
			projectRoot = "";
			targets = (
				FE6EF2E92CD8B005005DC39D /* App */,
			);
		};
/* End PBXProject section */

/* Begin PBXResourcesBuildPhase section */
		FE6EF2E82CD8B005005DC39D /* Resources */ = {
			isa = PBXResourcesBuildPhase;
			buildActionMask = 2147483647;
			files = (
				FEE455212CF9A3F6001B66CD /* Media.xcassets in Resources */,
			);
			runOnlyForDeploymentPostprocessing = 0;
		};
/* End PBXResourcesBuildPhase section */

/* Begin PBXShellScriptBuildPhase section */
		FEF35FBF2CD9BC8F006FF6F2 /* Run Script */ = {
			isa = PBXShellScriptBuildPhase;
			alwaysOutOfDate = 1;
			buildActionMask = 2147483647;
			files = (
			);
			inputFileListPaths = (
			);
			inputPaths = (
			);
			name = "Run Script";
			outputFileListPaths = (
			);
			outputPaths = (
			);
			runOnlyForDeploymentPostprocessing = 0;
			shellPath = /bin/sh;
			shellScript = "ROOT_DIR=\"${PROJECT_DIR}/../\"\nCONFIGPATH=\"/Users/jeongseog-yeong/Github/BeStory/.swiftlint.yml\"\n\n\"${ROOT_DIR}swiftlint\" --config \"${ROOT_DIR}.swiftlint.yml\"\n";
		};
/* End PBXShellScriptBuildPhase section */

/* Begin PBXSourcesBuildPhase section */
		FE6EF2E62CD8B005005DC39D /* Sources */ = {
			isa = PBXSourcesBuildPhase;
			buildActionMask = 2147483647;
			files = (
			);
			runOnlyForDeploymentPostprocessing = 0;
		};
/* End PBXSourcesBuildPhase section */

/* Begin XCBuildConfiguration section */
		FE6EF2FE2CD8B007005DC39D /* Debug */ = {
			isa = XCBuildConfiguration;
			buildSettings = {
				ASSETCATALOG_COMPILER_APPICON_NAME = AppIcon;
				ASSETCATALOG_COMPILER_GLOBAL_ACCENT_COLOR_NAME = AccentColor;
				CODE_SIGN_STYLE = Automatic;
				CURRENT_PROJECT_VERSION = 1;
				DEVELOPMENT_TEAM = B3PWYBKFUK;
				ENABLE_USER_SCRIPT_SANDBOXING = NO;
				GENERATE_INFOPLIST_FILE = YES;
				INFOPLIST_FILE = App/Info.plist;
				INFOPLIST_KEY_CFBundleDisplayName = BeStory;
				INFOPLIST_KEY_UIApplicationSupportsIndirectInputEvents = YES;
				INFOPLIST_KEY_UILaunchStoryboardName = LaunchScreen;
				INFOPLIST_KEY_UISupportedInterfaceOrientations_iPad = "UIInterfaceOrientationPortrait UIInterfaceOrientationPortraitUpsideDown UIInterfaceOrientationLandscapeLeft UIInterfaceOrientationLandscapeRight";
				INFOPLIST_KEY_UISupportedInterfaceOrientations_iPhone = "UIInterfaceOrientationPortrait UIInterfaceOrientationLandscapeLeft UIInterfaceOrientationLandscapeRight";
				IPHONEOS_DEPLOYMENT_TARGET = 16.0;
				LD_RUNPATH_SEARCH_PATHS = (
					"$(inherited)",
					"@executable_path/Frameworks",
				);
				LIBRARY_SEARCH_PATHS = "";
				MARKETING_VERSION = 0.6.0;
				PRODUCT_BUNDLE_IDENTIFIER = kr.codesquad.boostcamp9.bestory;
				PRODUCT_NAME = "$(TARGET_NAME)";
				SUPPORTED_PLATFORMS = "iphoneos iphonesimulator";
				SUPPORTS_MACCATALYST = NO;
				SUPPORTS_MAC_DESIGNED_FOR_IPHONE_IPAD = NO;
				SUPPORTS_XR_DESIGNED_FOR_IPHONE_IPAD = NO;
				SWIFT_EMIT_LOC_STRINGS = YES;
				SWIFT_VERSION = 5.0;
				TARGETED_DEVICE_FAMILY = "1,2";
			};
			name = Debug;
		};
		FE6EF2FF2CD8B007005DC39D /* Release */ = {
			isa = XCBuildConfiguration;
			buildSettings = {
				ASSETCATALOG_COMPILER_APPICON_NAME = AppIcon;
				ASSETCATALOG_COMPILER_GLOBAL_ACCENT_COLOR_NAME = AccentColor;
				CODE_SIGN_STYLE = Automatic;
				CURRENT_PROJECT_VERSION = 1;
				DEVELOPMENT_TEAM = B3PWYBKFUK;
				ENABLE_USER_SCRIPT_SANDBOXING = NO;
				GENERATE_INFOPLIST_FILE = YES;
				INFOPLIST_FILE = App/Info.plist;
				INFOPLIST_KEY_CFBundleDisplayName = BeStory;
				INFOPLIST_KEY_UIApplicationSupportsIndirectInputEvents = YES;
				INFOPLIST_KEY_UILaunchStoryboardName = LaunchScreen;
				INFOPLIST_KEY_UISupportedInterfaceOrientations_iPad = "UIInterfaceOrientationPortrait UIInterfaceOrientationPortraitUpsideDown UIInterfaceOrientationLandscapeLeft UIInterfaceOrientationLandscapeRight";
				INFOPLIST_KEY_UISupportedInterfaceOrientations_iPhone = "UIInterfaceOrientationPortrait UIInterfaceOrientationLandscapeLeft UIInterfaceOrientationLandscapeRight";
				IPHONEOS_DEPLOYMENT_TARGET = 16.0;
				LD_RUNPATH_SEARCH_PATHS = (
					"$(inherited)",
					"@executable_path/Frameworks",
				);
				LIBRARY_SEARCH_PATHS = "";
				MARKETING_VERSION = 0.6.0;
				PRODUCT_BUNDLE_IDENTIFIER = kr.codesquad.boostcamp9.bestory;
				PRODUCT_NAME = "$(TARGET_NAME)";
				SUPPORTED_PLATFORMS = "iphoneos iphonesimulator";
				SUPPORTS_MACCATALYST = NO;
				SUPPORTS_MAC_DESIGNED_FOR_IPHONE_IPAD = NO;
				SUPPORTS_XR_DESIGNED_FOR_IPHONE_IPAD = NO;
				SWIFT_EMIT_LOC_STRINGS = YES;
				SWIFT_VERSION = 5.0;
				TARGETED_DEVICE_FAMILY = "1,2";
			};
			name = Release;
		};
		FE6EF3002CD8B007005DC39D /* Debug */ = {
			isa = XCBuildConfiguration;
			buildSettings = {
				ALWAYS_SEARCH_USER_PATHS = NO;
				ASSETCATALOG_COMPILER_GENERATE_SWIFT_ASSET_SYMBOL_EXTENSIONS = YES;
				CLANG_ANALYZER_NONNULL = YES;
				CLANG_ANALYZER_NUMBER_OBJECT_CONVERSION = YES_AGGRESSIVE;
				CLANG_CXX_LANGUAGE_STANDARD = "gnu++20";
				CLANG_ENABLE_MODULES = YES;
				CLANG_ENABLE_OBJC_ARC = YES;
				CLANG_ENABLE_OBJC_WEAK = YES;
				CLANG_WARN_BLOCK_CAPTURE_AUTORELEASING = YES;
				CLANG_WARN_BOOL_CONVERSION = YES;
				CLANG_WARN_COMMA = YES;
				CLANG_WARN_CONSTANT_CONVERSION = YES;
				CLANG_WARN_DEPRECATED_OBJC_IMPLEMENTATIONS = YES;
				CLANG_WARN_DIRECT_OBJC_ISA_USAGE = YES_ERROR;
				CLANG_WARN_DOCUMENTATION_COMMENTS = YES;
				CLANG_WARN_EMPTY_BODY = YES;
				CLANG_WARN_ENUM_CONVERSION = YES;
				CLANG_WARN_INFINITE_RECURSION = YES;
				CLANG_WARN_INT_CONVERSION = YES;
				CLANG_WARN_NON_LITERAL_NULL_CONVERSION = YES;
				CLANG_WARN_OBJC_IMPLICIT_RETAIN_SELF = YES;
				CLANG_WARN_OBJC_LITERAL_CONVERSION = YES;
				CLANG_WARN_OBJC_ROOT_CLASS = YES_ERROR;
				CLANG_WARN_QUOTED_INCLUDE_IN_FRAMEWORK_HEADER = YES;
				CLANG_WARN_RANGE_LOOP_ANALYSIS = YES;
				CLANG_WARN_STRICT_PROTOTYPES = YES;
				CLANG_WARN_SUSPICIOUS_MOVE = YES;
				CLANG_WARN_UNGUARDED_AVAILABILITY = YES_AGGRESSIVE;
				CLANG_WARN_UNREACHABLE_CODE = YES;
				CLANG_WARN__DUPLICATE_METHOD_MATCH = YES;
				COPY_PHASE_STRIP = NO;
				DEBUG_INFORMATION_FORMAT = dwarf;
				ENABLE_STRICT_OBJC_MSGSEND = YES;
				ENABLE_TESTABILITY = YES;
				ENABLE_USER_SCRIPT_SANDBOXING = YES;
				GCC_C_LANGUAGE_STANDARD = gnu17;
				GCC_DYNAMIC_NO_PIC = NO;
				GCC_NO_COMMON_BLOCKS = YES;
				GCC_OPTIMIZATION_LEVEL = 0;
				GCC_PREPROCESSOR_DEFINITIONS = (
					"DEBUG=1",
					"$(inherited)",
				);
				GCC_WARN_64_TO_32_BIT_CONVERSION = YES;
				GCC_WARN_ABOUT_RETURN_TYPE = YES_ERROR;
				GCC_WARN_UNDECLARED_SELECTOR = YES;
				GCC_WARN_UNINITIALIZED_AUTOS = YES_AGGRESSIVE;
				GCC_WARN_UNUSED_FUNCTION = YES;
				GCC_WARN_UNUSED_VARIABLE = YES;
				IPHONEOS_DEPLOYMENT_TARGET = 18.0;
				LOCALIZATION_PREFERS_STRING_CATALOGS = YES;
				MTL_ENABLE_DEBUG_INFO = INCLUDE_SOURCE;
				MTL_FAST_MATH = YES;
				ONLY_ACTIVE_ARCH = YES;
				SDKROOT = iphoneos;
				SWIFT_ACTIVE_COMPILATION_CONDITIONS = "DEBUG $(inherited)";
				SWIFT_OPTIMIZATION_LEVEL = "-Onone";
			};
			name = Debug;
		};
		FE6EF3012CD8B007005DC39D /* Release */ = {
			isa = XCBuildConfiguration;
			buildSettings = {
				ALWAYS_SEARCH_USER_PATHS = NO;
				ASSETCATALOG_COMPILER_GENERATE_SWIFT_ASSET_SYMBOL_EXTENSIONS = YES;
				CLANG_ANALYZER_NONNULL = YES;
				CLANG_ANALYZER_NUMBER_OBJECT_CONVERSION = YES_AGGRESSIVE;
				CLANG_CXX_LANGUAGE_STANDARD = "gnu++20";
				CLANG_ENABLE_MODULES = YES;
				CLANG_ENABLE_OBJC_ARC = YES;
				CLANG_ENABLE_OBJC_WEAK = YES;
				CLANG_WARN_BLOCK_CAPTURE_AUTORELEASING = YES;
				CLANG_WARN_BOOL_CONVERSION = YES;
				CLANG_WARN_COMMA = YES;
				CLANG_WARN_CONSTANT_CONVERSION = YES;
				CLANG_WARN_DEPRECATED_OBJC_IMPLEMENTATIONS = YES;
				CLANG_WARN_DIRECT_OBJC_ISA_USAGE = YES_ERROR;
				CLANG_WARN_DOCUMENTATION_COMMENTS = YES;
				CLANG_WARN_EMPTY_BODY = YES;
				CLANG_WARN_ENUM_CONVERSION = YES;
				CLANG_WARN_INFINITE_RECURSION = YES;
				CLANG_WARN_INT_CONVERSION = YES;
				CLANG_WARN_NON_LITERAL_NULL_CONVERSION = YES;
				CLANG_WARN_OBJC_IMPLICIT_RETAIN_SELF = YES;
				CLANG_WARN_OBJC_LITERAL_CONVERSION = YES;
				CLANG_WARN_OBJC_ROOT_CLASS = YES_ERROR;
				CLANG_WARN_QUOTED_INCLUDE_IN_FRAMEWORK_HEADER = YES;
				CLANG_WARN_RANGE_LOOP_ANALYSIS = YES;
				CLANG_WARN_STRICT_PROTOTYPES = YES;
				CLANG_WARN_SUSPICIOUS_MOVE = YES;
				CLANG_WARN_UNGUARDED_AVAILABILITY = YES_AGGRESSIVE;
				CLANG_WARN_UNREACHABLE_CODE = YES;
				CLANG_WARN__DUPLICATE_METHOD_MATCH = YES;
				COPY_PHASE_STRIP = NO;
				DEBUG_INFORMATION_FORMAT = "dwarf-with-dsym";
				ENABLE_NS_ASSERTIONS = NO;
				ENABLE_STRICT_OBJC_MSGSEND = YES;
				ENABLE_USER_SCRIPT_SANDBOXING = YES;
				GCC_C_LANGUAGE_STANDARD = gnu17;
				GCC_NO_COMMON_BLOCKS = YES;
				GCC_WARN_64_TO_32_BIT_CONVERSION = YES;
				GCC_WARN_ABOUT_RETURN_TYPE = YES_ERROR;
				GCC_WARN_UNDECLARED_SELECTOR = YES;
				GCC_WARN_UNINITIALIZED_AUTOS = YES_AGGRESSIVE;
				GCC_WARN_UNUSED_FUNCTION = YES;
				GCC_WARN_UNUSED_VARIABLE = YES;
				IPHONEOS_DEPLOYMENT_TARGET = 18.0;
				LOCALIZATION_PREFERS_STRING_CATALOGS = YES;
				MTL_ENABLE_DEBUG_INFO = NO;
				MTL_FAST_MATH = YES;
				SDKROOT = iphoneos;
				SWIFT_COMPILATION_MODE = wholemodule;
				VALIDATE_PRODUCT = YES;
			};
			name = Release;
		};
/* End XCBuildConfiguration section */

/* Begin XCConfigurationList section */
		FE6EF2E52CD8B005005DC39D /* Build configuration list for PBXProject "App" */ = {
			isa = XCConfigurationList;
			buildConfigurations = (
				FE6EF3002CD8B007005DC39D /* Debug */,
				FE6EF3012CD8B007005DC39D /* Release */,
			);
			defaultConfigurationIsVisible = 0;
			defaultConfigurationName = Release;
		};
		FE6EF2FD2CD8B007005DC39D /* Build configuration list for PBXNativeTarget "App" */ = {
			isa = XCConfigurationList;
			buildConfigurations = (
				FE6EF2FE2CD8B007005DC39D /* Debug */,
				FE6EF2FF2CD8B007005DC39D /* Release */,
			);
			defaultConfigurationIsVisible = 0;
			defaultConfigurationName = Release;
		};
/* End XCConfigurationList section */
	};
	rootObject = FE6EF2E22CD8B005005DC39D /* Project object */;
}
