// !$*UTF8*$!
{
	archiveVersion = 1;
	classes = {
	};
	objectVersion = 77;
	objects = {

/* Begin PBXBuildFile section */
		853CE8AB2CE5ED1200936AD3 /* DataInterface.framework in Frameworks */ = {isa = PBXBuildFile; fileRef = 853CE8AA2CE5ED1200936AD3 /* DataInterface.framework */; };
		853CE8AC2CE5ED1200936AD3 /* DataInterface.framework in Embed Frameworks */ = {isa = PBXBuildFile; fileRef = 853CE8AA2CE5ED1200936AD3 /* DataInterface.framework */; settings = {ATTRIBUTES = (CodeSignOnCopy, RemoveHeadersOnCopy, ); }; };
		853CE8BF2CE5F09D00936AD3 /* Entity.framework in Frameworks */ = {isa = PBXBuildFile; fileRef = FEF779402CDC936900FFE089 /* Entity.framework */; };
		853CE8C02CE5F09D00936AD3 /* Entity.framework in Embed Frameworks */ = {isa = PBXBuildFile; fileRef = FEF779402CDC936900FFE089 /* Entity.framework */; settings = {ATTRIBUTES = (CodeSignOnCopy, RemoveHeadersOnCopy, ); }; };
		853CE8C82CE5F53200936AD3 /* Entity.framework in Frameworks */ = {isa = PBXBuildFile; fileRef = FEF779402CDC936900FFE089 /* Entity.framework */; };
		853CE8C92CE5F53200936AD3 /* Entity.framework in Embed Frameworks */ = {isa = PBXBuildFile; fileRef = FEF779402CDC936900FFE089 /* Entity.framework */; settings = {ATTRIBUTES = (CodeSignOnCopy, RemoveHeadersOnCopy, ); }; };
		853CE8CB2CE5F53300936AD3 /* Interfaces.framework in Frameworks */ = {isa = PBXBuildFile; fileRef = FEF778DC2CDB21B500FFE089 /* Interfaces.framework */; };
		853CE8CC2CE5F53300936AD3 /* Interfaces.framework in Embed Frameworks */ = {isa = PBXBuildFile; fileRef = FEF778DC2CDB21B500FFE089 /* Interfaces.framework */; settings = {ATTRIBUTES = (CodeSignOnCopy, RemoveHeadersOnCopy, ); }; };
		FEF779852CDCB44E00FFE089 /* libUseCase.a in Frameworks */ = {isa = PBXBuildFile; fileRef = FE6EF3C72CD8B5CA005DC39D /* libUseCase.a */; platformFilter = ios; };
/* End PBXBuildFile section */

/* Begin PBXContainerItemProxy section */
		853CE8B62CE5F00800936AD3 /* PBXContainerItemProxy */ = {
			isa = PBXContainerItemProxy;
			containerPortal = FE6EF3032CD8B015005DC39D /* Project object */;
			proxyType = 1;
			remoteGlobalIDString = FEF7793F2CDC936900FFE089;
			remoteInfo = Entity;
		};
		853CE8C12CE5F09D00936AD3 /* PBXContainerItemProxy */ = {
			isa = PBXContainerItemProxy;
			containerPortal = FE6EF3032CD8B015005DC39D /* Project object */;
			proxyType = 1;
			remoteGlobalIDString = FEF7793F2CDC936900FFE089;
			remoteInfo = Entity;
		};
		FEF7796B2CDCB32800FFE089 /* PBXContainerItemProxy */ = {
			isa = PBXContainerItemProxy;
			containerPortal = FE6EF3032CD8B015005DC39D /* Project object */;
			proxyType = 1;
			remoteGlobalIDString = FEF7793F2CDC936900FFE089;
			remoteInfo = Entity;
		};
		FEF779862CDCB44E00FFE089 /* PBXContainerItemProxy */ = {
			isa = PBXContainerItemProxy;
			containerPortal = FE6EF3032CD8B015005DC39D /* Project object */;
			proxyType = 1;
			remoteGlobalIDString = FE6EF3C62CD8B5CA005DC39D;
			remoteInfo = UseCase;
		};
/* End PBXContainerItemProxy section */

/* Begin PBXCopyFilesBuildPhase section */
		853CE8AD2CE5ED1300936AD3 /* Embed Frameworks */ = {
			isa = PBXCopyFilesBuildPhase;
			buildActionMask = 2147483647;
			dstPath = "";
			dstSubfolderSpec = 10;
			files = (
				853CE8AC2CE5ED1200936AD3 /* DataInterface.framework in Embed Frameworks */,
				853CE8C02CE5F09D00936AD3 /* Entity.framework in Embed Frameworks */,
			);
			name = "Embed Frameworks";
			runOnlyForDeploymentPostprocessing = 0;
		};
		853CE8CA2CE5F53200936AD3 /* Embed Frameworks */ = {
			isa = PBXCopyFilesBuildPhase;
			buildActionMask = 2147483647;
			dstPath = "";
			dstSubfolderSpec = 10;
			files = (
				853CE8CC2CE5F53300936AD3 /* Interfaces.framework in Embed Frameworks */,
				853CE8C92CE5F53200936AD3 /* Entity.framework in Embed Frameworks */,
			);
			name = "Embed Frameworks";
			runOnlyForDeploymentPostprocessing = 0;
		};
		FE6EF3C52CD8B5CA005DC39D /* CopyFiles */ = {
			isa = PBXCopyFilesBuildPhase;
			buildActionMask = 12;
			dstPath = "include/$(PRODUCT_NAME)";
			dstSubfolderSpec = 16;
			files = (
			);
			runOnlyForDeploymentPostprocessing = 0;
		};
/* End PBXCopyFilesBuildPhase section */

/* Begin PBXFileReference section */
		853CE8AA2CE5ED1200936AD3 /* DataInterface.framework */ = {isa = PBXFileReference; explicitFileType = wrapper.framework; path = DataInterface.framework; sourceTree = BUILT_PRODUCTS_DIR; };
		FE6EF3C72CD8B5CA005DC39D /* libUseCase.a */ = {isa = PBXFileReference; explicitFileType = archive.ar; includeInIndex = 0; path = libUseCase.a; sourceTree = BUILT_PRODUCTS_DIR; };
		FEF778DC2CDB21B500FFE089 /* Interfaces.framework */ = {isa = PBXFileReference; explicitFileType = wrapper.framework; includeInIndex = 0; path = Interfaces.framework; sourceTree = BUILT_PRODUCTS_DIR; };
		FEF779402CDC936900FFE089 /* Entity.framework */ = {isa = PBXFileReference; explicitFileType = wrapper.framework; includeInIndex = 0; path = Entity.framework; sourceTree = BUILT_PRODUCTS_DIR; };
		FEF779812CDCB44E00FFE089 /* UseCaseTest.xctest */ = {isa = PBXFileReference; explicitFileType = wrapper.cfbundle; includeInIndex = 0; path = UseCaseTest.xctest; sourceTree = BUILT_PRODUCTS_DIR; };
/* End PBXFileReference section */

/* Begin PBXFileSystemSynchronizedBuildFileExceptionSet section */
		FEF778AA2CDAFB2200FFE089 /* Exceptions for "UseCase" folder in "UseCase" target */ = {
			isa = PBXFileSystemSynchronizedBuildFileExceptionSet;
			membershipExceptions = (
				BrowsingUserUseCase.swift,
				ConnectedUserUseCase.swift,
			);
			target = FE6EF3C62CD8B5CA005DC39D /* UseCase */;
		};
/* End PBXFileSystemSynchronizedBuildFileExceptionSet section */

/* Begin PBXFileSystemSynchronizedRootGroup section */
		FE6EF30D2CD8B015005DC39D /* UseCase */ = {
			isa = PBXFileSystemSynchronizedRootGroup;
			exceptions = (
				FEF778AA2CDAFB2200FFE089 /* Exceptions for "UseCase" folder in "UseCase" target */,
			);
			path = UseCase;
			sourceTree = "<group>";
		};
		FEF778DD2CDB21B500FFE089 /* Interfaces */ = {
			isa = PBXFileSystemSynchronizedRootGroup;
			path = Interfaces;
			sourceTree = "<group>";
		};
		FEF779412CDC936900FFE089 /* Entity */ = {
			isa = PBXFileSystemSynchronizedRootGroup;
			path = Entity;
			sourceTree = "<group>";
		};
		FEF779822CDCB44E00FFE089 /* UseCaseTest */ = {
			isa = PBXFileSystemSynchronizedRootGroup;
			path = UseCaseTest;
			sourceTree = "<group>";
		};
/* End PBXFileSystemSynchronizedRootGroup section */

/* Begin PBXFrameworksBuildPhase section */
		FE6EF3C42CD8B5CA005DC39D /* Frameworks */ = {
			isa = PBXFrameworksBuildPhase;
			buildActionMask = 2147483647;
			files = (
				853CE8CB2CE5F53300936AD3 /* Interfaces.framework in Frameworks */,
				853CE8C82CE5F53200936AD3 /* Entity.framework in Frameworks */,
			);
			runOnlyForDeploymentPostprocessing = 0;
		};
		FEF778D92CDB21B500FFE089 /* Frameworks */ = {
			isa = PBXFrameworksBuildPhase;
			buildActionMask = 2147483647;
			files = (
				853CE8AB2CE5ED1200936AD3 /* DataInterface.framework in Frameworks */,
				853CE8BF2CE5F09D00936AD3 /* Entity.framework in Frameworks */,
			);
			runOnlyForDeploymentPostprocessing = 0;
		};
		FEF7793D2CDC936900FFE089 /* Frameworks */ = {
			isa = PBXFrameworksBuildPhase;
			buildActionMask = 2147483647;
			files = (
			);
			runOnlyForDeploymentPostprocessing = 0;
		};
		FEF7797E2CDCB44E00FFE089 /* Frameworks */ = {
			isa = PBXFrameworksBuildPhase;
			buildActionMask = 2147483647;
			files = (
				FEF779852CDCB44E00FFE089 /* libUseCase.a in Frameworks */,
			);
			runOnlyForDeploymentPostprocessing = 0;
		};
/* End PBXFrameworksBuildPhase section */

/* Begin PBXGroup section */
		FE6EF3022CD8B015005DC39D = {
			isa = PBXGroup;
			children = (
				FE6EF30D2CD8B015005DC39D /* UseCase */,
				FEF778DD2CDB21B500FFE089 /* Interfaces */,
				FEF779412CDC936900FFE089 /* Entity */,
				FEF779822CDCB44E00FFE089 /* UseCaseTest */,
				FEF779602CDCA9F700FFE089 /* Frameworks */,
				FE6EF30C2CD8B015005DC39D /* Products */,
			);
			sourceTree = "<group>";
		};
		FE6EF30C2CD8B015005DC39D /* Products */ = {
			isa = PBXGroup;
			children = (
				FE6EF3C72CD8B5CA005DC39D /* libUseCase.a */,
				FEF778DC2CDB21B500FFE089 /* Interfaces.framework */,
				FEF779402CDC936900FFE089 /* Entity.framework */,
				FEF779812CDCB44E00FFE089 /* UseCaseTest.xctest */,
			);
			name = Products;
			sourceTree = "<group>";
		};
		FEF779602CDCA9F700FFE089 /* Frameworks */ = {
			isa = PBXGroup;
			children = (
				853CE8AA2CE5ED1200936AD3 /* DataInterface.framework */,
			);
			name = Frameworks;
			sourceTree = "<group>";
		};
/* End PBXGroup section */

/* Begin PBXHeadersBuildPhase section */
		FEF778D72CDB21B500FFE089 /* Headers */ = {
			isa = PBXHeadersBuildPhase;
			buildActionMask = 2147483647;
			files = (
			);
			runOnlyForDeploymentPostprocessing = 0;
		};
		FEF7793B2CDC936900FFE089 /* Headers */ = {
			isa = PBXHeadersBuildPhase;
			buildActionMask = 2147483647;
			files = (
			);
			runOnlyForDeploymentPostprocessing = 0;
		};
/* End PBXHeadersBuildPhase section */

/* Begin PBXNativeTarget section */
		FE6EF3C62CD8B5CA005DC39D /* UseCase */ = {
			isa = PBXNativeTarget;
			buildConfigurationList = FE6EF3CB2CD8B5CA005DC39D /* Build configuration list for PBXNativeTarget "UseCase" */;
			buildPhases = (
				FEEBA0902CD9D572007AAAA0 /* ShellScript */,
				FE6EF3C32CD8B5CA005DC39D /* Sources */,
				FE6EF3C42CD8B5CA005DC39D /* Frameworks */,
				FE6EF3C52CD8B5CA005DC39D /* CopyFiles */,
				853CE8CA2CE5F53200936AD3 /* Embed Frameworks */,
			);
			buildRules = (
			);
			dependencies = (
				853CE8B72CE5F00800936AD3 /* PBXTargetDependency */,
			);
			name = UseCase;
			packageProductDependencies = (
			);
			productName = Domain;
			productReference = FE6EF3C72CD8B5CA005DC39D /* libUseCase.a */;
			productType = "com.apple.product-type.library.static";
		};
		FEF778DB2CDB21B500FFE089 /* Interfaces */ = {
			isa = PBXNativeTarget;
			buildConfigurationList = FEF778E32CDB21B500FFE089 /* Build configuration list for PBXNativeTarget "Interfaces" */;
			buildPhases = (
				FEF778D72CDB21B500FFE089 /* Headers */,
				FEF779012CDB3CB900FFE089 /* ShellScript */,
				FEF778D82CDB21B500FFE089 /* Sources */,
				FEF778D92CDB21B500FFE089 /* Frameworks */,
				FEF778DA2CDB21B500FFE089 /* Resources */,
				853CE8AD2CE5ED1300936AD3 /* Embed Frameworks */,
			);
			buildRules = (
			);
			dependencies = (
				FEF7796C2CDCB32800FFE089 /* PBXTargetDependency */,
				853CE8C22CE5F09D00936AD3 /* PBXTargetDependency */,
			);
			fileSystemSynchronizedGroups = (
				FEF778DD2CDB21B500FFE089 /* Interfaces */,
			);
			name = Interfaces;
			packageProductDependencies = (
			);
			productName = DomainInterface;
			productReference = FEF778DC2CDB21B500FFE089 /* Interfaces.framework */;
			productType = "com.apple.product-type.framework";
		};
		FEF7793F2CDC936900FFE089 /* Entity */ = {
			isa = PBXNativeTarget;
			buildConfigurationList = FEF779472CDC936900FFE089 /* Build configuration list for PBXNativeTarget "Entity" */;
			buildPhases = (
				FEF7793B2CDC936900FFE089 /* Headers */,
				FEF7793C2CDC936900FFE089 /* Sources */,
				FEF7793D2CDC936900FFE089 /* Frameworks */,
				FEF7793E2CDC936900FFE089 /* Resources */,
			);
			buildRules = (
			);
			dependencies = (
			);
			fileSystemSynchronizedGroups = (
				FEF779412CDC936900FFE089 /* Entity */,
			);
			name = Entity;
			packageProductDependencies = (
			);
			productName = Entity;
			productReference = FEF779402CDC936900FFE089 /* Entity.framework */;
			productType = "com.apple.product-type.framework";
		};
		FEF779802CDCB44E00FFE089 /* UseCaseTest */ = {
			isa = PBXNativeTarget;
			buildConfigurationList = FEF779882CDCB44E00FFE089 /* Build configuration list for PBXNativeTarget "UseCaseTest" */;
			buildPhases = (
				FEF7797D2CDCB44E00FFE089 /* Sources */,
				FEF7797E2CDCB44E00FFE089 /* Frameworks */,
				FEF7797F2CDCB44E00FFE089 /* Resources */,
			);
			buildRules = (
			);
			dependencies = (
				FEF779872CDCB44E00FFE089 /* PBXTargetDependency */,
			);
			fileSystemSynchronizedGroups = (
				FEF779822CDCB44E00FFE089 /* UseCaseTest */,
			);
			name = UseCaseTest;
			packageProductDependencies = (
			);
			productName = UseCaseTest;
			productReference = FEF779812CDCB44E00FFE089 /* UseCaseTest.xctest */;
			productType = "com.apple.product-type.bundle.unit-test";
		};
/* End PBXNativeTarget section */

/* Begin PBXProject section */
		FE6EF3032CD8B015005DC39D /* Project object */ = {
			isa = PBXProject;
			attributes = {
				BuildIndependentTargetsInParallel = 1;
				LastSwiftUpdateCheck = 1600;
				LastUpgradeCheck = 1600;
				TargetAttributes = {
					FE6EF3C62CD8B5CA005DC39D = {
						CreatedOnToolsVersion = 16.0;
						LastSwiftMigration = 1610;
					};
					FEF778DB2CDB21B500FFE089 = {
						CreatedOnToolsVersion = 16.0;
						LastSwiftMigration = 1610;
					};
					FEF7793F2CDC936900FFE089 = {
						CreatedOnToolsVersion = 16.0;
						LastSwiftMigration = 1600;
					};
					FEF779802CDCB44E00FFE089 = {
						CreatedOnToolsVersion = 16.0;
					};
				};
			};
			buildConfigurationList = FE6EF3062CD8B015005DC39D /* Build configuration list for PBXProject "Domain" */;
			developmentRegion = en;
			hasScannedForEncodings = 0;
			knownRegions = (
				en,
				Base,
			);
			mainGroup = FE6EF3022CD8B015005DC39D;
			minimizedProjectReferenceProxies = 1;
			preferredProjectObjectVersion = 77;
			productRefGroup = FE6EF30C2CD8B015005DC39D /* Products */;
			projectDirPath = "";
			projectRoot = "";
			targets = (
				FE6EF3C62CD8B5CA005DC39D /* UseCase */,
				FEF778DB2CDB21B500FFE089 /* Interfaces */,
				FEF7793F2CDC936900FFE089 /* Entity */,
				FEF779802CDCB44E00FFE089 /* UseCaseTest */,
			);
		};
/* End PBXProject section */

/* Begin PBXResourcesBuildPhase section */
		FEF778DA2CDB21B500FFE089 /* Resources */ = {
			isa = PBXResourcesBuildPhase;
			buildActionMask = 2147483647;
			files = (
			);
			runOnlyForDeploymentPostprocessing = 0;
		};
		FEF7793E2CDC936900FFE089 /* Resources */ = {
			isa = PBXResourcesBuildPhase;
			buildActionMask = 2147483647;
			files = (
			);
			runOnlyForDeploymentPostprocessing = 0;
		};
		FEF7797F2CDCB44E00FFE089 /* Resources */ = {
			isa = PBXResourcesBuildPhase;
			buildActionMask = 2147483647;
			files = (
			);
			runOnlyForDeploymentPostprocessing = 0;
		};
/* End PBXResourcesBuildPhase section */

/* Begin PBXShellScriptBuildPhase section */
		FEEBA0902CD9D572007AAAA0 /* ShellScript */ = {
			isa = PBXShellScriptBuildPhase;
			alwaysOutOfDate = 1;
			buildActionMask = 2147483647;
			files = (
			);
			inputFileListPaths = (
			);
			inputPaths = (
			);
			outputFileListPaths = (
			);
			outputPaths = (
			);
			runOnlyForDeploymentPostprocessing = 0;
			shellPath = /bin/sh;
			shellScript = "ROOT_DIR=\"${PROJECT_DIR}/../\"\nCONFIGPATH=\"/Users/jeongseog-yeong/Github/BeStory/.swiftlint.yml\"\n\n\"${ROOT_DIR}swiftlint\" --config \"${ROOT_DIR}.swiftlint.yml\"\n";
		};
		FEF779012CDB3CB900FFE089 /* ShellScript */ = {
			isa = PBXShellScriptBuildPhase;
			alwaysOutOfDate = 1;
			buildActionMask = 2147483647;
			files = (
			);
			inputFileListPaths = (
			);
			inputPaths = (
			);
			outputFileListPaths = (
			);
			outputPaths = (
			);
			runOnlyForDeploymentPostprocessing = 0;
			shellPath = /bin/sh;
			shellScript = "ROOT_DIR=\"${PROJECT_DIR}/../\"\nCONFIGPATH=\"/Users/jeongseog-yeong/Github/BeStory/.swiftlint.yml\"\n\n\"${ROOT_DIR}swiftlint\" --config \"${ROOT_DIR}.swiftlint.yml\"\n";
		};
/* End PBXShellScriptBuildPhase section */

/* Begin PBXSourcesBuildPhase section */
		FE6EF3C32CD8B5CA005DC39D /* Sources */ = {
			isa = PBXSourcesBuildPhase;
			buildActionMask = 2147483647;
			files = (
			);
			runOnlyForDeploymentPostprocessing = 0;
		};
		FEF778D82CDB21B500FFE089 /* Sources */ = {
			isa = PBXSourcesBuildPhase;
			buildActionMask = 2147483647;
			files = (
			);
			runOnlyForDeploymentPostprocessing = 0;
		};
		FEF7793C2CDC936900FFE089 /* Sources */ = {
			isa = PBXSourcesBuildPhase;
			buildActionMask = 2147483647;
			files = (
			);
			runOnlyForDeploymentPostprocessing = 0;
		};
		FEF7797D2CDCB44E00FFE089 /* Sources */ = {
			isa = PBXSourcesBuildPhase;
			buildActionMask = 2147483647;
			files = (
			);
			runOnlyForDeploymentPostprocessing = 0;
		};
/* End PBXSourcesBuildPhase section */

/* Begin PBXTargetDependency section */
		853CE8B72CE5F00800936AD3 /* PBXTargetDependency */ = {
			isa = PBXTargetDependency;
			target = FEF7793F2CDC936900FFE089 /* Entity */;
			targetProxy = 853CE8B62CE5F00800936AD3 /* PBXContainerItemProxy */;
		};
		853CE8C22CE5F09D00936AD3 /* PBXTargetDependency */ = {
			isa = PBXTargetDependency;
			target = FEF7793F2CDC936900FFE089 /* Entity */;
			targetProxy = 853CE8C12CE5F09D00936AD3 /* PBXContainerItemProxy */;
		};
		FEF7796C2CDCB32800FFE089 /* PBXTargetDependency */ = {
			isa = PBXTargetDependency;
			target = FEF7793F2CDC936900FFE089 /* Entity */;
			targetProxy = FEF7796B2CDCB32800FFE089 /* PBXContainerItemProxy */;
		};
		FEF779872CDCB44E00FFE089 /* PBXTargetDependency */ = {
			isa = PBXTargetDependency;
			platformFilter = ios;
			target = FE6EF3C62CD8B5CA005DC39D /* UseCase */;
			targetProxy = FEF779862CDCB44E00FFE089 /* PBXContainerItemProxy */;
		};
/* End PBXTargetDependency section */

/* Begin XCBuildConfiguration section */
		FE6EF3212CD8B016005DC39D /* Debug */ = {
			isa = XCBuildConfiguration;
			buildSettings = {
				ALWAYS_SEARCH_USER_PATHS = NO;
				ASSETCATALOG_COMPILER_GENERATE_SWIFT_ASSET_SYMBOL_EXTENSIONS = YES;
				CLANG_ANALYZER_NONNULL = YES;
				CLANG_ANALYZER_NUMBER_OBJECT_CONVERSION = YES_AGGRESSIVE;
				CLANG_CXX_LANGUAGE_STANDARD = "gnu++20";
				CLANG_ENABLE_MODULES = YES;
				CLANG_ENABLE_OBJC_ARC = YES;
				CLANG_ENABLE_OBJC_WEAK = YES;
				CLANG_WARN_BLOCK_CAPTURE_AUTORELEASING = YES;
				CLANG_WARN_BOOL_CONVERSION = YES;
				CLANG_WARN_COMMA = YES;
				CLANG_WARN_CONSTANT_CONVERSION = YES;
				CLANG_WARN_DEPRECATED_OBJC_IMPLEMENTATIONS = YES;
				CLANG_WARN_DIRECT_OBJC_ISA_USAGE = YES_ERROR;
				CLANG_WARN_DOCUMENTATION_COMMENTS = YES;
				CLANG_WARN_EMPTY_BODY = YES;
				CLANG_WARN_ENUM_CONVERSION = YES;
				CLANG_WARN_INFINITE_RECURSION = YES;
				CLANG_WARN_INT_CONVERSION = YES;
				CLANG_WARN_NON_LITERAL_NULL_CONVERSION = YES;
				CLANG_WARN_OBJC_IMPLICIT_RETAIN_SELF = YES;
				CLANG_WARN_OBJC_LITERAL_CONVERSION = YES;
				CLANG_WARN_OBJC_ROOT_CLASS = YES_ERROR;
				CLANG_WARN_QUOTED_INCLUDE_IN_FRAMEWORK_HEADER = YES;
				CLANG_WARN_RANGE_LOOP_ANALYSIS = YES;
				CLANG_WARN_STRICT_PROTOTYPES = YES;
				CLANG_WARN_SUSPICIOUS_MOVE = YES;
				CLANG_WARN_UNGUARDED_AVAILABILITY = YES_AGGRESSIVE;
				CLANG_WARN_UNREACHABLE_CODE = YES;
				CLANG_WARN__DUPLICATE_METHOD_MATCH = YES;
				COPY_PHASE_STRIP = NO;
				DEBUG_INFORMATION_FORMAT = dwarf;
				ENABLE_STRICT_OBJC_MSGSEND = YES;
				ENABLE_TESTABILITY = YES;
				ENABLE_USER_SCRIPT_SANDBOXING = YES;
				GCC_C_LANGUAGE_STANDARD = gnu17;
				GCC_DYNAMIC_NO_PIC = NO;
				GCC_NO_COMMON_BLOCKS = YES;
				GCC_OPTIMIZATION_LEVEL = 0;
				GCC_PREPROCESSOR_DEFINITIONS = (
					"DEBUG=1",
					"$(inherited)",
				);
				GCC_WARN_64_TO_32_BIT_CONVERSION = YES;
				GCC_WARN_ABOUT_RETURN_TYPE = YES_ERROR;
				GCC_WARN_UNDECLARED_SELECTOR = YES;
				GCC_WARN_UNINITIALIZED_AUTOS = YES_AGGRESSIVE;
				GCC_WARN_UNUSED_FUNCTION = YES;
				GCC_WARN_UNUSED_VARIABLE = YES;
				IPHONEOS_DEPLOYMENT_TARGET = 18.0;
				LOCALIZATION_PREFERS_STRING_CATALOGS = YES;
				MTL_ENABLE_DEBUG_INFO = INCLUDE_SOURCE;
				MTL_FAST_MATH = YES;
				ONLY_ACTIVE_ARCH = YES;
				SDKROOT = iphoneos;
				SWIFT_ACTIVE_COMPILATION_CONDITIONS = "DEBUG $(inherited)";
				SWIFT_OPTIMIZATION_LEVEL = "-Onone";
			};
			name = Debug;
		};
		FE6EF3222CD8B016005DC39D /* Release */ = {
			isa = XCBuildConfiguration;
			buildSettings = {
				ALWAYS_SEARCH_USER_PATHS = NO;
				ASSETCATALOG_COMPILER_GENERATE_SWIFT_ASSET_SYMBOL_EXTENSIONS = YES;
				CLANG_ANALYZER_NONNULL = YES;
				CLANG_ANALYZER_NUMBER_OBJECT_CONVERSION = YES_AGGRESSIVE;
				CLANG_CXX_LANGUAGE_STANDARD = "gnu++20";
				CLANG_ENABLE_MODULES = YES;
				CLANG_ENABLE_OBJC_ARC = YES;
				CLANG_ENABLE_OBJC_WEAK = YES;
				CLANG_WARN_BLOCK_CAPTURE_AUTORELEASING = YES;
				CLANG_WARN_BOOL_CONVERSION = YES;
				CLANG_WARN_COMMA = YES;
				CLANG_WARN_CONSTANT_CONVERSION = YES;
				CLANG_WARN_DEPRECATED_OBJC_IMPLEMENTATIONS = YES;
				CLANG_WARN_DIRECT_OBJC_ISA_USAGE = YES_ERROR;
				CLANG_WARN_DOCUMENTATION_COMMENTS = YES;
				CLANG_WARN_EMPTY_BODY = YES;
				CLANG_WARN_ENUM_CONVERSION = YES;
				CLANG_WARN_INFINITE_RECURSION = YES;
				CLANG_WARN_INT_CONVERSION = YES;
				CLANG_WARN_NON_LITERAL_NULL_CONVERSION = YES;
				CLANG_WARN_OBJC_IMPLICIT_RETAIN_SELF = YES;
				CLANG_WARN_OBJC_LITERAL_CONVERSION = YES;
				CLANG_WARN_OBJC_ROOT_CLASS = YES_ERROR;
				CLANG_WARN_QUOTED_INCLUDE_IN_FRAMEWORK_HEADER = YES;
				CLANG_WARN_RANGE_LOOP_ANALYSIS = YES;
				CLANG_WARN_STRICT_PROTOTYPES = YES;
				CLANG_WARN_SUSPICIOUS_MOVE = YES;
				CLANG_WARN_UNGUARDED_AVAILABILITY = YES_AGGRESSIVE;
				CLANG_WARN_UNREACHABLE_CODE = YES;
				CLANG_WARN__DUPLICATE_METHOD_MATCH = YES;
				COPY_PHASE_STRIP = NO;
				DEBUG_INFORMATION_FORMAT = "dwarf-with-dsym";
				ENABLE_NS_ASSERTIONS = NO;
				ENABLE_STRICT_OBJC_MSGSEND = YES;
				ENABLE_USER_SCRIPT_SANDBOXING = YES;
				GCC_C_LANGUAGE_STANDARD = gnu17;
				GCC_NO_COMMON_BLOCKS = YES;
				GCC_WARN_64_TO_32_BIT_CONVERSION = YES;
				GCC_WARN_ABOUT_RETURN_TYPE = YES_ERROR;
				GCC_WARN_UNDECLARED_SELECTOR = YES;
				GCC_WARN_UNINITIALIZED_AUTOS = YES_AGGRESSIVE;
				GCC_WARN_UNUSED_FUNCTION = YES;
				GCC_WARN_UNUSED_VARIABLE = YES;
				IPHONEOS_DEPLOYMENT_TARGET = 18.0;
				LOCALIZATION_PREFERS_STRING_CATALOGS = YES;
				MTL_ENABLE_DEBUG_INFO = NO;
				MTL_FAST_MATH = YES;
				SDKROOT = iphoneos;
				SWIFT_COMPILATION_MODE = wholemodule;
				VALIDATE_PRODUCT = YES;
			};
			name = Release;
		};
		FE6EF3CC2CD8B5CA005DC39D /* Debug */ = {
			isa = XCBuildConfiguration;
			buildSettings = {
				CLANG_ENABLE_MODULES = YES;
				CODE_SIGN_STYLE = Automatic;
				DEVELOPMENT_TEAM = 9L2J37V6PK;
				ENABLE_USER_SCRIPT_SANDBOXING = NO;
				IPHONEOS_DEPLOYMENT_TARGET = 16;
				OTHER_LDFLAGS = "-ObjC";
				PRODUCT_NAME = "$(TARGET_NAME)";
				SKIP_INSTALL = YES;
				SUPPORTED_PLATFORMS = "iphoneos iphonesimulator";
				SUPPORTS_MACCATALYST = NO;
				SUPPORTS_MAC_DESIGNED_FOR_IPHONE_IPAD = NO;
				SUPPORTS_XR_DESIGNED_FOR_IPHONE_IPAD = NO;
				SWIFT_OPTIMIZATION_LEVEL = "-Onone";
				SWIFT_VERSION = 5.0;
				TARGETED_DEVICE_FAMILY = "1,2";
			};
			name = Debug;
		};
		FE6EF3CD2CD8B5CA005DC39D /* Release */ = {
			isa = XCBuildConfiguration;
			buildSettings = {
				CLANG_ENABLE_MODULES = YES;
				CODE_SIGN_STYLE = Automatic;
				DEVELOPMENT_TEAM = 9L2J37V6PK;
				ENABLE_USER_SCRIPT_SANDBOXING = NO;
				IPHONEOS_DEPLOYMENT_TARGET = 16;
				OTHER_LDFLAGS = "-ObjC";
				PRODUCT_NAME = "$(TARGET_NAME)";
				SKIP_INSTALL = YES;
				SUPPORTED_PLATFORMS = "iphoneos iphonesimulator";
				SUPPORTS_MACCATALYST = NO;
				SUPPORTS_MAC_DESIGNED_FOR_IPHONE_IPAD = NO;
				SUPPORTS_XR_DESIGNED_FOR_IPHONE_IPAD = NO;
				SWIFT_VERSION = 5.0;
				TARGETED_DEVICE_FAMILY = "1,2";
			};
			name = Release;
		};
		FEF778E42CDB21B500FFE089 /* Debug */ = {
			isa = XCBuildConfiguration;
			buildSettings = {
				BUILD_LIBRARY_FOR_DISTRIBUTION = YES;
				CLANG_ENABLE_MODULES = YES;
				CODE_SIGN_STYLE = Automatic;
				CURRENT_PROJECT_VERSION = 1;
				DEFINES_MODULE = YES;
				DEVELOPMENT_TEAM = H3XT4B3TXU;
				DYLIB_COMPATIBILITY_VERSION = 1;
				DYLIB_CURRENT_VERSION = 1;
				DYLIB_INSTALL_NAME_BASE = "@rpath";
				ENABLE_MODULE_VERIFIER = YES;
				ENABLE_USER_SCRIPT_SANDBOXING = NO;
				GENERATE_INFOPLIST_FILE = YES;
				INFOPLIST_KEY_NSHumanReadableCopyright = "";
				INSTALL_PATH = "$(LOCAL_LIBRARY_DIR)/Frameworks";
				LD_RUNPATH_SEARCH_PATHS = (
					"$(inherited)",
					"@executable_path/Frameworks",
					"@loader_path/Frameworks",
				);
				MARKETING_VERSION = 1.0;
				MODULE_VERIFIER_SUPPORTED_LANGUAGES = "objective-c objective-c++";
				MODULE_VERIFIER_SUPPORTED_LANGUAGE_STANDARDS = "gnu17 gnu++20";
				PRODUCT_BUNDLE_IDENTIFIER = jung.DomainInterface;
				PRODUCT_NAME = "$(TARGET_NAME:c99extidentifier)";
				SKIP_INSTALL = YES;
				SWIFT_EMIT_LOC_STRINGS = YES;
				SWIFT_INSTALL_OBJC_HEADER = NO;
				SWIFT_OPTIMIZATION_LEVEL = "-Onone";
				SWIFT_VERSION = 5.0;
				TARGETED_DEVICE_FAMILY = "1,2";
				VERSIONING_SYSTEM = "apple-generic";
				VERSION_INFO_PREFIX = "";
			};
			name = Debug;
		};
		FEF778E52CDB21B500FFE089 /* Release */ = {
			isa = XCBuildConfiguration;
			buildSettings = {
				BUILD_LIBRARY_FOR_DISTRIBUTION = YES;
				CLANG_ENABLE_MODULES = YES;
				CODE_SIGN_STYLE = Automatic;
				CURRENT_PROJECT_VERSION = 1;
				DEFINES_MODULE = YES;
				DEVELOPMENT_TEAM = H3XT4B3TXU;
				DYLIB_COMPATIBILITY_VERSION = 1;
				DYLIB_CURRENT_VERSION = 1;
				DYLIB_INSTALL_NAME_BASE = "@rpath";
				ENABLE_MODULE_VERIFIER = YES;
				ENABLE_USER_SCRIPT_SANDBOXING = NO;
				GENERATE_INFOPLIST_FILE = YES;
				INFOPLIST_KEY_NSHumanReadableCopyright = "";
				INSTALL_PATH = "$(LOCAL_LIBRARY_DIR)/Frameworks";
				LD_RUNPATH_SEARCH_PATHS = (
					"$(inherited)",
					"@executable_path/Frameworks",
					"@loader_path/Frameworks",
				);
				MARKETING_VERSION = 1.0;
				MODULE_VERIFIER_SUPPORTED_LANGUAGES = "objective-c objective-c++";
				MODULE_VERIFIER_SUPPORTED_LANGUAGE_STANDARDS = "gnu17 gnu++20";
				PRODUCT_BUNDLE_IDENTIFIER = jung.DomainInterface;
				PRODUCT_NAME = "$(TARGET_NAME:c99extidentifier)";
				SKIP_INSTALL = YES;
				SWIFT_EMIT_LOC_STRINGS = YES;
				SWIFT_INSTALL_OBJC_HEADER = NO;
				SWIFT_VERSION = 5.0;
				TARGETED_DEVICE_FAMILY = "1,2";
				VERSIONING_SYSTEM = "apple-generic";
				VERSION_INFO_PREFIX = "";
			};
			name = Release;
		};
		FEF779482CDC936900FFE089 /* Debug */ = {
			isa = XCBuildConfiguration;
			buildSettings = {
				BUILD_LIBRARY_FOR_DISTRIBUTION = YES;
				CLANG_ENABLE_MODULES = YES;
				CODE_SIGN_STYLE = Automatic;
				CURRENT_PROJECT_VERSION = 1;
				DEFINES_MODULE = NO;
				DEVELOPMENT_TEAM = H3XT4B3TXU;
				DYLIB_COMPATIBILITY_VERSION = 1;
				DYLIB_CURRENT_VERSION = 1;
				DYLIB_INSTALL_NAME_BASE = "@rpath";
				ENABLE_MODULE_VERIFIER = YES;
				GENERATE_INFOPLIST_FILE = YES;
				INFOPLIST_KEY_NSHumanReadableCopyright = "";
				INSTALL_PATH = "$(LOCAL_LIBRARY_DIR)/Frameworks";
				LD_RUNPATH_SEARCH_PATHS = (
					"$(inherited)",
					"@executable_path/Frameworks",
					"@loader_path/Frameworks",
				);
				MARKETING_VERSION = 1.0;
				MODULE_VERIFIER_SUPPORTED_LANGUAGES = "objective-c objective-c++";
				MODULE_VERIFIER_SUPPORTED_LANGUAGE_STANDARDS = "gnu17 gnu++20";
				PRODUCT_BUNDLE_IDENTIFIER = jung.Entity;
				PRODUCT_NAME = "$(TARGET_NAME:c99extidentifier)";
				SKIP_INSTALL = YES;
				SWIFT_EMIT_LOC_STRINGS = YES;
				SWIFT_INSTALL_OBJC_HEADER = NO;
				SWIFT_OPTIMIZATION_LEVEL = "-Onone";
				SWIFT_VERSION = 5.0;
				TARGETED_DEVICE_FAMILY = "1,2";
				VERSIONING_SYSTEM = "apple-generic";
				VERSION_INFO_PREFIX = "";
			};
			name = Debug;
		};
		FEF779492CDC936900FFE089 /* Release */ = {
			isa = XCBuildConfiguration;
			buildSettings = {
				BUILD_LIBRARY_FOR_DISTRIBUTION = YES;
				CLANG_ENABLE_MODULES = YES;
				CODE_SIGN_STYLE = Automatic;
				CURRENT_PROJECT_VERSION = 1;
				DEFINES_MODULE = NO;
				DEVELOPMENT_TEAM = H3XT4B3TXU;
				DYLIB_COMPATIBILITY_VERSION = 1;
				DYLIB_CURRENT_VERSION = 1;
				DYLIB_INSTALL_NAME_BASE = "@rpath";
				ENABLE_MODULE_VERIFIER = YES;
				GENERATE_INFOPLIST_FILE = YES;
				INFOPLIST_KEY_NSHumanReadableCopyright = "";
				INSTALL_PATH = "$(LOCAL_LIBRARY_DIR)/Frameworks";
				LD_RUNPATH_SEARCH_PATHS = (
					"$(inherited)",
					"@executable_path/Frameworks",
					"@loader_path/Frameworks",
				);
				MARKETING_VERSION = 1.0;
				MODULE_VERIFIER_SUPPORTED_LANGUAGES = "objective-c objective-c++";
				MODULE_VERIFIER_SUPPORTED_LANGUAGE_STANDARDS = "gnu17 gnu++20";
				PRODUCT_BUNDLE_IDENTIFIER = jung.Entity;
				PRODUCT_NAME = "$(TARGET_NAME:c99extidentifier)";
				SKIP_INSTALL = YES;
				SWIFT_EMIT_LOC_STRINGS = YES;
				SWIFT_INSTALL_OBJC_HEADER = NO;
				SWIFT_VERSION = 5.0;
				TARGETED_DEVICE_FAMILY = "1,2";
				VERSIONING_SYSTEM = "apple-generic";
				VERSION_INFO_PREFIX = "";
			};
			name = Release;
		};
		FEF779892CDCB44E00FFE089 /* Debug */ = {
			isa = XCBuildConfiguration;
			buildSettings = {
				CODE_SIGN_STYLE = Automatic;
				CURRENT_PROJECT_VERSION = 1;
				DEVELOPMENT_TEAM = 9L2J37V6PK;
				GENERATE_INFOPLIST_FILE = YES;
				MARKETING_VERSION = 1.0;
				PRODUCT_BUNDLE_IDENTIFIER = jung.UseCaseTest;
				PRODUCT_NAME = "$(TARGET_NAME)";
				SWIFT_EMIT_LOC_STRINGS = NO;
				SWIFT_VERSION = 5.0;
				TARGETED_DEVICE_FAMILY = "1,2";
			};
			name = Debug;
		};
		FEF7798A2CDCB44E00FFE089 /* Release */ = {
			isa = XCBuildConfiguration;
			buildSettings = {
				CODE_SIGN_STYLE = Automatic;
				CURRENT_PROJECT_VERSION = 1;
				DEVELOPMENT_TEAM = 9L2J37V6PK;
				GENERATE_INFOPLIST_FILE = YES;
				MARKETING_VERSION = 1.0;
				PRODUCT_BUNDLE_IDENTIFIER = jung.UseCaseTest;
				PRODUCT_NAME = "$(TARGET_NAME)";
				SWIFT_EMIT_LOC_STRINGS = NO;
				SWIFT_VERSION = 5.0;
				TARGETED_DEVICE_FAMILY = "1,2";
			};
			name = Release;
		};
/* End XCBuildConfiguration section */

/* Begin XCConfigurationList section */
		FE6EF3062CD8B015005DC39D /* Build configuration list for PBXProject "Domain" */ = {
			isa = XCConfigurationList;
			buildConfigurations = (
				FE6EF3212CD8B016005DC39D /* Debug */,
				FE6EF3222CD8B016005DC39D /* Release */,
			);
			defaultConfigurationIsVisible = 0;
			defaultConfigurationName = Release;
		};
		FE6EF3CB2CD8B5CA005DC39D /* Build configuration list for PBXNativeTarget "UseCase" */ = {
			isa = XCConfigurationList;
			buildConfigurations = (
				FE6EF3CC2CD8B5CA005DC39D /* Debug */,
				FE6EF3CD2CD8B5CA005DC39D /* Release */,
			);
			defaultConfigurationIsVisible = 0;
			defaultConfigurationName = Release;
		};
		FEF778E32CDB21B500FFE089 /* Build configuration list for PBXNativeTarget "Interfaces" */ = {
			isa = XCConfigurationList;
			buildConfigurations = (
				FEF778E42CDB21B500FFE089 /* Debug */,
				FEF778E52CDB21B500FFE089 /* Release */,
			);
			defaultConfigurationIsVisible = 0;
			defaultConfigurationName = Release;
		};
		FEF779472CDC936900FFE089 /* Build configuration list for PBXNativeTarget "Entity" */ = {
			isa = XCConfigurationList;
			buildConfigurations = (
				FEF779482CDC936900FFE089 /* Debug */,
				FEF779492CDC936900FFE089 /* Release */,
			);
			defaultConfigurationIsVisible = 0;
			defaultConfigurationName = Release;
		};
		FEF779882CDCB44E00FFE089 /* Build configuration list for PBXNativeTarget "UseCaseTest" */ = {
			isa = XCConfigurationList;
			buildConfigurations = (
				FEF779892CDCB44E00FFE089 /* Debug */,
				FEF7798A2CDCB44E00FFE089 /* Release */,
			);
			defaultConfigurationIsVisible = 0;
			defaultConfigurationName = Release;
		};
/* End XCConfigurationList section */
	};
	rootObject = FE6EF3032CD8B015005DC39D /* Project object */;
}
